
Microsoft Visual Studio Solution File, Format Version 12.00
# Visual Studio Version 17
VisualStudioVersion = 17.6.33829.357
MinimumVisualStudioVersion = 10.0.40219.1
Project("{FAE04EC0-301F-11D3-BF4B-00C04F79EFBC}") = "C# login from", "C# login from.csproj", "{1E118E1D-0FDA-4DEA-BB08-176E04ED3DBC}"
EndProject
Global
	GlobalSection(SolutionConfigurationPlatforms) = preSolution
		Debug|Any CPU = Debug|Any CPU
		Release|Any CPU = Release|Any CPU
	EndGlobalSection
	GlobalSection(ProjectConfigurationPlatforms) = postSolution
		{1E118E1D-0FDA-4DEA-BB08-176E04ED3DBC}.Debug|Any CPU.ActiveCfg = Debug|Any CPU
		{1E118E1D-0FDA-4DEA-BB08-176E04ED3DBC}.Debug|Any CPU.Build.0 = Debug|Any CPU
		{1E118E1D-0FDA-4DEA-BB08-176E04ED3DBC}.Release|Any CPU.ActiveCfg = Release|Any CPU
		{1E118E1D-0FDA-4DEA-BB08-176E04ED3DBC}.Release|Any CPU.Build.0 = Release|Any CPU
	EndGlobalSection
	GlobalSection(SolutionProperties) = preSolution
		HideSolutionNode = FALSE
	EndGlobalSection
	GlobalSection(ExtensibilityGlobals) = postSolution
		SolutionGuid = {C2437D51-36E0-474E-AABC-3FDEBB1F723D}
	EndGlobalSection
EndGlobal
